{
  "pins" : [
    {
      "identity" : "daily-dish",
      "kind" : "remoteSourceControl",
      "location" : "https://github.com/elderanakain/daily-dish",
      "state" : {
        "revision" : "87cb0a218d38ff73b010b0ec3e0857672de671fa",
        "version" : "1.3.0"
      }
    }
  ],
  "version" : 2
}
