{
  "pins" : [
    {
      "identity" : "daily-dish",
      "kind" : "remoteSourceControl",
      "location" : "https://github.com/elderanakain/daily-dish",
      "state" : {
        "revision" : "1415be4ce61a604df54d6b40ba4634e3b144f8f8",
        "version" : "1.3.0"
      }
    }
  ],
  "version" : 2
}
