{
  "pins" : [
    {
      "identity" : "daily-dish",
      "kind" : "remoteSourceControl",
      "location" : "https://github.com/elderanakain/daily-dish",
      "state" : {
        "revision" : "642f5e574c23819fb12011fbf29601d36c599b72",
        "version" : "1.3.0"
      }
    },
    {
      "identity" : "kmp-nativecoroutines",
      "kind" : "remoteSourceControl",
      "location" : "https://github.com/rickclephas/KMP-NativeCoroutines",
      "state" : {
        "branch" : "master",
        "revision" : "815bb6aa6e9bd34284bb4f7d71ff5af301f5269e"
      }
    },
    {
      "identity" : "rxswift",
      "kind" : "remoteSourceControl",
      "location" : "https://github.com/ReactiveX/RxSwift.git",
      "state" : {
        "revision" : "9dcaa4b333db437b0fbfaf453fad29069044a8b4",
        "version" : "6.6.0"
      }
    }
  ],
  "version" : 2
}
